
Microsoft Visual Studio Solution File, Format Version 12.00
# Visual Studio Version 17
VisualStudioVersion = 17.11.35312.102
MinimumVisualStudioVersion = 10.0.40219.1
Project("{FAE04EC0-301F-11D3-BF4B-00C04F79EFBC}") = "Dingson_Oswell", "Dingson_Oswell\Dingson_Oswell.csproj", "{2E484D7F-AC90-4CF2-BB35-B3BF2063E440}"
EndProject
Global
	GlobalSection(SolutionConfigurationPlatforms) = preSolution
		Debug|Any CPU = Debug|Any CPU
		Release|Any CPU = Release|Any CPU
	EndGlobalSection
	GlobalSection(ProjectConfigurationPlatforms) = postSolution
		{2E484D7F-AC90-4CF2-BB35-B3BF2063E440}.Debug|Any CPU.ActiveCfg = Debug|Any CPU
		{2E484D7F-AC90-4CF2-BB35-B3BF2063E440}.Debug|Any CPU.Build.0 = Debug|Any CPU
		{2E484D7F-AC90-4CF2-BB35-B3BF2063E440}.Release|Any CPU.ActiveCfg = Release|Any CPU
		{2E484D7F-AC90-4CF2-BB35-B3BF2063E440}.Release|Any CPU.Build.0 = Release|Any CPU
	EndGlobalSection
	GlobalSection(SolutionProperties) = preSolution
		HideSolutionNode = FALSE
	EndGlobalSection
	GlobalSection(ExtensibilityGlobals) = postSolution
		SolutionGuid = {D13B9506-0C82-435F-8559-A664C5122A9E}
	EndGlobalSection
EndGlobal
